// !$*UTF8*$!
{
	archiveVersion = 1;
	classes = {
	};
	objectVersion = 46;
	objects = {

/* Begin PBXBuildFile section */
		048BA237373BB16BFB172E40 /* Pods_RebucTests.framework in Frameworks */ = {isa = PBXBuildFile; fileRef = A0BC51A5967F74856A0AB494 /* Pods_RebucTests.framework */; };
		45BD4D70B65EB015AF40F92C /* Pods_RebucUITests.framework in Frameworks */ = {isa = PBXBuildFile; fileRef = 387BBD5428B9F0133A57EB75 /* Pods_RebucUITests.framework */; };
		AC0CA57B1FCC8D8600F8E333 /* UserManager.swift in Sources */ = {isa = PBXBuildFile; fileRef = AC0CA57A1FCC8D8600F8E333 /* UserManager.swift */; };
		AC0CA57D1FCC909900F8E333 /* Tickets.storyboard in Resources */ = {isa = PBXBuildFile; fileRef = AC0CA57C1FCC909900F8E333 /* Tickets.storyboard */; };
		AC0CA57F1FCC91EF00F8E333 /* BaseViewController.swift in Sources */ = {isa = PBXBuildFile; fileRef = AC0CA57E1FCC91EF00F8E333 /* BaseViewController.swift */; };
		AC0CA5811FCCA37F00F8E333 /* TicketsListViewController.swift in Sources */ = {isa = PBXBuildFile; fileRef = AC0CA5801FCCA37F00F8E333 /* TicketsListViewController.swift */; };
		AC0CA5831FCCCFFA00F8E333 /* TicketState.swift in Sources */ = {isa = PBXBuildFile; fileRef = AC0CA5821FCCCFFA00F8E333 /* TicketState.swift */; };
		AC0CA5851FCCD0ED00F8E333 /* MovementTag.swift in Sources */ = {isa = PBXBuildFile; fileRef = AC0CA5841FCCD0ED00F8E333 /* MovementTag.swift */; };
		AC0CA5871FCCD3FA00F8E333 /* Ticket.swift in Sources */ = {isa = PBXBuildFile; fileRef = AC0CA5861FCCD3FA00F8E333 /* Ticket.swift */; };
		AC0CA58A1FCCF36400F8E333 /* NewTicketViewController.swift in Sources */ = {isa = PBXBuildFile; fileRef = AC0CA5891FCCF36400F8E333 /* NewTicketViewController.swift */; };
		AC0CA58C1FCCFCD500F8E333 /* Responsable.swift in Sources */ = {isa = PBXBuildFile; fileRef = AC0CA58B1FCCFCD500F8E333 /* Responsable.swift */; };
		AC6CE1CF1FCBD20B008CC8AD /* APIManager.swift in Sources */ = {isa = PBXBuildFile; fileRef = AC6CE1CE1FCBD20B008CC8AD /* APIManager.swift */; };
		AC6CE1D21FCBD5FD008CC8AD /* User.swift in Sources */ = {isa = PBXBuildFile; fileRef = AC6CE1D11FCBD5FD008CC8AD /* User.swift */; };
		AC6CE1D41FCBD7BD008CC8AD /* UserRole.swift in Sources */ = {isa = PBXBuildFile; fileRef = AC6CE1D31FCBD7BD008CC8AD /* UserRole.swift */; };
		AC6CE1D71FCBD817008CC8AD /* Protocols.swift in Sources */ = {isa = PBXBuildFile; fileRef = AC6CE1D61FCBD817008CC8AD /* Protocols.swift */; };
		AC6CE1D91FCBDA1F008CC8AD /* CampusLocation.swift in Sources */ = {isa = PBXBuildFile; fileRef = AC6CE1D81FCBDA1F008CC8AD /* CampusLocation.swift */; };
		AC6CE1DB1FCBDB2E008CC8AD /* Dependence.swift in Sources */ = {isa = PBXBuildFile; fileRef = AC6CE1DA1FCBDB2E008CC8AD /* Dependence.swift */; };
		AC6CE1DD1FCBDEC5008CC8AD /* APIError.swift in Sources */ = {isa = PBXBuildFile; fileRef = AC6CE1DC1FCBDEC5008CC8AD /* APIError.swift */; };
		AC915D921FC87B9E00699802 /* Authentication.storyboard in Resources */ = {isa = PBXBuildFile; fileRef = AC915D911FC87B9E00699802 /* Authentication.storyboard */; };
		ACC36BBB1FCE07E70016C1D6 /* TicketDetailsViewController.swift in Sources */ = {isa = PBXBuildFile; fileRef = ACC36BBA1FCE07E70016C1D6 /* TicketDetailsViewController.swift */; };
		ACE67D5E1FC8907100371008 /* LoginViewController.swift in Sources */ = {isa = PBXBuildFile; fileRef = ACE67D5D1FC8907100371008 /* LoginViewController.swift */; };
		ACE67D601FC891E700371008 /* SignUpViewController.swift in Sources */ = {isa = PBXBuildFile; fileRef = ACE67D5F1FC891E700371008 /* SignUpViewController.swift */; };
		ACE67D631FC8930500371008 /* URLManager.swift in Sources */ = {isa = PBXBuildFile; fileRef = ACE67D621FC8930500371008 /* URLManager.swift */; };
		ACE67D661FC89F1900371008 /* Extensions.swift in Sources */ = {isa = PBXBuildFile; fileRef = ACE67D651FC89F1900371008 /* Extensions.swift */; };
		ACF5097D1F683D5200A9548C /* AppDelegate.swift in Sources */ = {isa = PBXBuildFile; fileRef = ACF5097C1F683D5200A9548C /* AppDelegate.swift */; };
		ACF509841F683D5200A9548C /* Assets.xcassets in Resources */ = {isa = PBXBuildFile; fileRef = ACF509831F683D5200A9548C /* Assets.xcassets */; };
		ACF509871F683D5200A9548C /* LaunchScreen.storyboard in Resources */ = {isa = PBXBuildFile; fileRef = ACF509851F683D5200A9548C /* LaunchScreen.storyboard */; };
		ACF509921F683D5200A9548C /* RebucTests.swift in Sources */ = {isa = PBXBuildFile; fileRef = ACF509911F683D5200A9548C /* RebucTests.swift */; };
		ACF5099D1F683D5200A9548C /* RebucUITests.swift in Sources */ = {isa = PBXBuildFile; fileRef = ACF5099C1F683D5200A9548C /* RebucUITests.swift */; };
		D1E0110543D3ED6DF4EF638E /* Pods_Rebuc.framework in Frameworks */ = {isa = PBXBuildFile; fileRef = AF0FCC6A41F9707048FBD002 /* Pods_Rebuc.framework */; };
/* End PBXBuildFile section */

/* Begin PBXContainerItemProxy section */
		ACF5098E1F683D5200A9548C /* PBXContainerItemProxy */ = {
			isa = PBXContainerItemProxy;
			containerPortal = ACF509711F683D5200A9548C /* Project object */;
			proxyType = 1;
			remoteGlobalIDString = ACF509781F683D5200A9548C;
			remoteInfo = Rebuc;
		};
		ACF509991F683D5200A9548C /* PBXContainerItemProxy */ = {
			isa = PBXContainerItemProxy;
			containerPortal = ACF509711F683D5200A9548C /* Project object */;
			proxyType = 1;
			remoteGlobalIDString = ACF509781F683D5200A9548C;
			remoteInfo = Rebuc;
		};
/* End PBXContainerItemProxy section */

/* Begin PBXFileReference section */
		048DD5878626EA86FADF79EA /* Pods-Rebuc.debug.xcconfig */ = {isa = PBXFileReference; includeInIndex = 1; lastKnownFileType = text.xcconfig; name = "Pods-Rebuc.debug.xcconfig"; path = "Pods/Target Support Files/Pods-Rebuc/Pods-Rebuc.debug.xcconfig"; sourceTree = "<group>"; };
		33FD36DC027A7B4CD42A220F /* Pods-RebucUITests.release.xcconfig */ = {isa = PBXFileReference; includeInIndex = 1; lastKnownFileType = text.xcconfig; name = "Pods-RebucUITests.release.xcconfig"; path = "Pods/Target Support Files/Pods-RebucUITests/Pods-RebucUITests.release.xcconfig"; sourceTree = "<group>"; };
		34FBBB6EC8E6F33751277114 /* Pods-RebucUITests.debug.xcconfig */ = {isa = PBXFileReference; includeInIndex = 1; lastKnownFileType = text.xcconfig; name = "Pods-RebucUITests.debug.xcconfig"; path = "Pods/Target Support Files/Pods-RebucUITests/Pods-RebucUITests.debug.xcconfig"; sourceTree = "<group>"; };
		387BBD5428B9F0133A57EB75 /* Pods_RebucUITests.framework */ = {isa = PBXFileReference; explicitFileType = wrapper.framework; includeInIndex = 0; path = Pods_RebucUITests.framework; sourceTree = BUILT_PRODUCTS_DIR; };
		63EE27CD9E51592BF4726DB0 /* Pods-RebucTests.debug.xcconfig */ = {isa = PBXFileReference; includeInIndex = 1; lastKnownFileType = text.xcconfig; name = "Pods-RebucTests.debug.xcconfig"; path = "Pods/Target Support Files/Pods-RebucTests/Pods-RebucTests.debug.xcconfig"; sourceTree = "<group>"; };
		82F32067AEE093CABD514DCE /* Pods-Rebuc.release.xcconfig */ = {isa = PBXFileReference; includeInIndex = 1; lastKnownFileType = text.xcconfig; name = "Pods-Rebuc.release.xcconfig"; path = "Pods/Target Support Files/Pods-Rebuc/Pods-Rebuc.release.xcconfig"; sourceTree = "<group>"; };
		A0BC51A5967F74856A0AB494 /* Pods_RebucTests.framework */ = {isa = PBXFileReference; explicitFileType = wrapper.framework; includeInIndex = 0; path = Pods_RebucTests.framework; sourceTree = BUILT_PRODUCTS_DIR; };
		A4080AF5E7400E6B58016AEE /* Pods-RebucTests.release.xcconfig */ = {isa = PBXFileReference; includeInIndex = 1; lastKnownFileType = text.xcconfig; name = "Pods-RebucTests.release.xcconfig"; path = "Pods/Target Support Files/Pods-RebucTests/Pods-RebucTests.release.xcconfig"; sourceTree = "<group>"; };
		AC0CA57A1FCC8D8600F8E333 /* UserManager.swift */ = {isa = PBXFileReference; lastKnownFileType = sourcecode.swift; path = UserManager.swift; sourceTree = "<group>"; };
		AC0CA57C1FCC909900F8E333 /* Tickets.storyboard */ = {isa = PBXFileReference; lastKnownFileType = file.storyboard; path = Tickets.storyboard; sourceTree = "<group>"; };
		AC0CA57E1FCC91EF00F8E333 /* BaseViewController.swift */ = {isa = PBXFileReference; lastKnownFileType = sourcecode.swift; path = BaseViewController.swift; sourceTree = "<group>"; };
		AC0CA5801FCCA37F00F8E333 /* TicketsListViewController.swift */ = {isa = PBXFileReference; lastKnownFileType = sourcecode.swift; path = TicketsListViewController.swift; sourceTree = "<group>"; };
		AC0CA5821FCCCFFA00F8E333 /* TicketState.swift */ = {isa = PBXFileReference; lastKnownFileType = sourcecode.swift; path = TicketState.swift; sourceTree = "<group>"; };
		AC0CA5841FCCD0ED00F8E333 /* MovementTag.swift */ = {isa = PBXFileReference; lastKnownFileType = sourcecode.swift; path = MovementTag.swift; sourceTree = "<group>"; };
		AC0CA5861FCCD3FA00F8E333 /* Ticket.swift */ = {isa = PBXFileReference; lastKnownFileType = sourcecode.swift; path = Ticket.swift; sourceTree = "<group>"; };
		AC0CA5891FCCF36400F8E333 /* NewTicketViewController.swift */ = {isa = PBXFileReference; lastKnownFileType = sourcecode.swift; path = NewTicketViewController.swift; sourceTree = "<group>"; };
		AC0CA58B1FCCFCD500F8E333 /* Responsable.swift */ = {isa = PBXFileReference; lastKnownFileType = sourcecode.swift; path = Responsable.swift; sourceTree = "<group>"; };
		AC6CE1CE1FCBD20B008CC8AD /* APIManager.swift */ = {isa = PBXFileReference; lastKnownFileType = sourcecode.swift; path = APIManager.swift; sourceTree = "<group>"; };
		AC6CE1D11FCBD5FD008CC8AD /* User.swift */ = {isa = PBXFileReference; lastKnownFileType = sourcecode.swift; path = User.swift; sourceTree = "<group>"; };
		AC6CE1D31FCBD7BD008CC8AD /* UserRole.swift */ = {isa = PBXFileReference; lastKnownFileType = sourcecode.swift; path = UserRole.swift; sourceTree = "<group>"; };
		AC6CE1D61FCBD817008CC8AD /* Protocols.swift */ = {isa = PBXFileReference; lastKnownFileType = sourcecode.swift; path = Protocols.swift; sourceTree = "<group>"; };
		AC6CE1D81FCBDA1F008CC8AD /* CampusLocation.swift */ = {isa = PBXFileReference; lastKnownFileType = sourcecode.swift; path = CampusLocation.swift; sourceTree = "<group>"; };
		AC6CE1DA1FCBDB2E008CC8AD /* Dependence.swift */ = {isa = PBXFileReference; lastKnownFileType = sourcecode.swift; path = Dependence.swift; sourceTree = "<group>"; };
		AC6CE1DC1FCBDEC5008CC8AD /* APIError.swift */ = {isa = PBXFileReference; lastKnownFileType = sourcecode.swift; path = APIError.swift; sourceTree = "<group>"; };
		AC915D911FC87B9E00699802 /* Authentication.storyboard */ = {isa = PBXFileReference; lastKnownFileType = file.storyboard; path = Authentication.storyboard; sourceTree = "<group>"; };
		ACC36BBA1FCE07E70016C1D6 /* TicketDetailsViewController.swift */ = {isa = PBXFileReference; lastKnownFileType = sourcecode.swift; path = TicketDetailsViewController.swift; sourceTree = "<group>"; };
		ACE67D5D1FC8907100371008 /* LoginViewController.swift */ = {isa = PBXFileReference; lastKnownFileType = sourcecode.swift; path = LoginViewController.swift; sourceTree = "<group>"; };
		ACE67D5F1FC891E700371008 /* SignUpViewController.swift */ = {isa = PBXFileReference; lastKnownFileType = sourcecode.swift; path = SignUpViewController.swift; sourceTree = "<group>"; };
		ACE67D621FC8930500371008 /* URLManager.swift */ = {isa = PBXFileReference; lastKnownFileType = sourcecode.swift; path = URLManager.swift; sourceTree = "<group>"; };
		ACE67D651FC89F1900371008 /* Extensions.swift */ = {isa = PBXFileReference; lastKnownFileType = sourcecode.swift; path = Extensions.swift; sourceTree = "<group>"; };
		ACF509791F683D5200A9548C /* Rebuc.app */ = {isa = PBXFileReference; explicitFileType = wrapper.application; includeInIndex = 0; path = Rebuc.app; sourceTree = BUILT_PRODUCTS_DIR; };
		ACF5097C1F683D5200A9548C /* AppDelegate.swift */ = {isa = PBXFileReference; lastKnownFileType = sourcecode.swift; path = AppDelegate.swift; sourceTree = "<group>"; };
		ACF509831F683D5200A9548C /* Assets.xcassets */ = {isa = PBXFileReference; lastKnownFileType = folder.assetcatalog; path = Assets.xcassets; sourceTree = "<group>"; };
		ACF509861F683D5200A9548C /* Base */ = {isa = PBXFileReference; lastKnownFileType = file.storyboard; name = Base; path = Base.lproj/LaunchScreen.storyboard; sourceTree = "<group>"; };
		ACF509881F683D5200A9548C /* Info.plist */ = {isa = PBXFileReference; lastKnownFileType = text.plist.xml; path = Info.plist; sourceTree = "<group>"; };
		ACF5098D1F683D5200A9548C /* RebucTests.xctest */ = {isa = PBXFileReference; explicitFileType = wrapper.cfbundle; includeInIndex = 0; path = RebucTests.xctest; sourceTree = BUILT_PRODUCTS_DIR; };
		ACF509911F683D5200A9548C /* RebucTests.swift */ = {isa = PBXFileReference; lastKnownFileType = sourcecode.swift; path = RebucTests.swift; sourceTree = "<group>"; };
		ACF509931F683D5200A9548C /* Info.plist */ = {isa = PBXFileReference; lastKnownFileType = text.plist.xml; path = Info.plist; sourceTree = "<group>"; };
		ACF509981F683D5200A9548C /* RebucUITests.xctest */ = {isa = PBXFileReference; explicitFileType = wrapper.cfbundle; includeInIndex = 0; path = RebucUITests.xctest; sourceTree = BUILT_PRODUCTS_DIR; };
		ACF5099C1F683D5200A9548C /* RebucUITests.swift */ = {isa = PBXFileReference; lastKnownFileType = sourcecode.swift; path = RebucUITests.swift; sourceTree = "<group>"; };
		ACF5099E1F683D5200A9548C /* Info.plist */ = {isa = PBXFileReference; lastKnownFileType = text.plist.xml; path = Info.plist; sourceTree = "<group>"; };
		AF0FCC6A41F9707048FBD002 /* Pods_Rebuc.framework */ = {isa = PBXFileReference; explicitFileType = wrapper.framework; includeInIndex = 0; path = Pods_Rebuc.framework; sourceTree = BUILT_PRODUCTS_DIR; };
/* End PBXFileReference section */

/* Begin PBXFrameworksBuildPhase section */
		ACF509761F683D5200A9548C /* Frameworks */ = {
			isa = PBXFrameworksBuildPhase;
			buildActionMask = 2147483647;
			files = (
				D1E0110543D3ED6DF4EF638E /* Pods_Rebuc.framework in Frameworks */,
			);
			runOnlyForDeploymentPostprocessing = 0;
		};
		ACF5098A1F683D5200A9548C /* Frameworks */ = {
			isa = PBXFrameworksBuildPhase;
			buildActionMask = 2147483647;
			files = (
				048BA237373BB16BFB172E40 /* Pods_RebucTests.framework in Frameworks */,
			);
			runOnlyForDeploymentPostprocessing = 0;
		};
		ACF509951F683D5200A9548C /* Frameworks */ = {
			isa = PBXFrameworksBuildPhase;
			buildActionMask = 2147483647;
			files = (
				45BD4D70B65EB015AF40F92C /* Pods_RebucUITests.framework in Frameworks */,
			);
			runOnlyForDeploymentPostprocessing = 0;
		};
/* End PBXFrameworksBuildPhase section */

/* Begin PBXGroup section */
		20216B515A717F2172588A2D /* Pods */ = {
			isa = PBXGroup;
			children = (
				048DD5878626EA86FADF79EA /* Pods-Rebuc.debug.xcconfig */,
				82F32067AEE093CABD514DCE /* Pods-Rebuc.release.xcconfig */,
				63EE27CD9E51592BF4726DB0 /* Pods-RebucTests.debug.xcconfig */,
				A4080AF5E7400E6B58016AEE /* Pods-RebucTests.release.xcconfig */,
				34FBBB6EC8E6F33751277114 /* Pods-RebucUITests.debug.xcconfig */,
				33FD36DC027A7B4CD42A220F /* Pods-RebucUITests.release.xcconfig */,
			);
			name = Pods;
			sourceTree = "<group>";
		};
		505E9507A866A067CE4CFEF0 /* Frameworks */ = {
			isa = PBXGroup;
			children = (
				AF0FCC6A41F9707048FBD002 /* Pods_Rebuc.framework */,
				A0BC51A5967F74856A0AB494 /* Pods_RebucTests.framework */,
				387BBD5428B9F0133A57EB75 /* Pods_RebucUITests.framework */,
			);
			name = Frameworks;
			sourceTree = "<group>";
		};
		AC6CE1D01FCBD5EA008CC8AD /* Models */ = {
			isa = PBXGroup;
			children = (
				AC6CE1D11FCBD5FD008CC8AD /* User.swift */,
				AC6CE1D31FCBD7BD008CC8AD /* UserRole.swift */,
				AC6CE1D81FCBDA1F008CC8AD /* CampusLocation.swift */,
				AC6CE1DA1FCBDB2E008CC8AD /* Dependence.swift */,
				AC0CA5821FCCCFFA00F8E333 /* TicketState.swift */,
				AC0CA5841FCCD0ED00F8E333 /* MovementTag.swift */,
				AC0CA5861FCCD3FA00F8E333 /* Ticket.swift */,
				AC0CA58B1FCCFCD500F8E333 /* Responsable.swift */,
			);
			name = Models;
			sourceTree = "<group>";
		};
		ACE67D581FC88EA800371008 /* Assets */ = {
			isa = PBXGroup;
			children = (
				ACF509881F683D5200A9548C /* Info.plist */,
				ACF509831F683D5200A9548C /* Assets.xcassets */,
			);
			name = Assets;
			sourceTree = "<group>";
		};
		ACE67D5A1FC88FC900371008 /* Components */ = {
			isa = PBXGroup;
			children = (
				ACE67D5B1FC88FD700371008 /* Storyboards */,
			);
			name = Components;
			sourceTree = "<group>";
		};
		ACE67D5B1FC88FD700371008 /* Storyboards */ = {
			isa = PBXGroup;
			children = (
				ACF509851F683D5200A9548C /* LaunchScreen.storyboard */,
				AC915D911FC87B9E00699802 /* Authentication.storyboard */,
				AC0CA57C1FCC909900F8E333 /* Tickets.storyboard */,
			);
			name = Storyboards;
			sourceTree = "<group>";
		};
		ACE67D5C1FC8903200371008 /* Controllers */ = {
			isa = PBXGroup;
			children = (
				ACE67D5D1FC8907100371008 /* LoginViewController.swift */,
				ACE67D5F1FC891E700371008 /* SignUpViewController.swift */,
				AC0CA57E1FCC91EF00F8E333 /* BaseViewController.swift */,
				AC0CA5801FCCA37F00F8E333 /* TicketsListViewController.swift */,
				AC0CA5891FCCF36400F8E333 /* NewTicketViewController.swift */,
				ACC36BBA1FCE07E70016C1D6 /* TicketDetailsViewController.swift */,
			);
			name = Controllers;
			sourceTree = "<group>";
		};
		ACE67D611FC892EA00371008 /* Managers */ = {
			isa = PBXGroup;
			children = (
				ACE67D621FC8930500371008 /* URLManager.swift */,
				AC6CE1CE1FCBD20B008CC8AD /* APIManager.swift */,
				AC0CA57A1FCC8D8600F8E333 /* UserManager.swift */,
			);
			name = Managers;
			sourceTree = "<group>";
		};
		ACE67D641FC89D5B00371008 /* Utils */ = {
			isa = PBXGroup;
			children = (
				ACE67D651FC89F1900371008 /* Extensions.swift */,
				AC6CE1D61FCBD817008CC8AD /* Protocols.swift */,
				AC6CE1DC1FCBDEC5008CC8AD /* APIError.swift */,
			);
			name = Utils;
			sourceTree = "<group>";
		};
		ACF509701F683D5200A9548C = {
			isa = PBXGroup;
			children = (
				ACF5097B1F683D5200A9548C /* Rebuc */,
				ACF509901F683D5200A9548C /* RebucTests */,
				ACF5099B1F683D5200A9548C /* RebucUITests */,
				ACF5097A1F683D5200A9548C /* Products */,
				20216B515A717F2172588A2D /* Pods */,
				505E9507A866A067CE4CFEF0 /* Frameworks */,
			);
			sourceTree = "<group>";
		};
		ACF5097A1F683D5200A9548C /* Products */ = {
			isa = PBXGroup;
			children = (
				ACF509791F683D5200A9548C /* Rebuc.app */,
				ACF5098D1F683D5200A9548C /* RebucTests.xctest */,
				ACF509981F683D5200A9548C /* RebucUITests.xctest */,
			);
			name = Products;
			sourceTree = "<group>";
		};
		ACF5097B1F683D5200A9548C /* Rebuc */ = {
			isa = PBXGroup;
			children = (
				AC6CE1D01FCBD5EA008CC8AD /* Models */,
				ACE67D641FC89D5B00371008 /* Utils */,
				ACE67D611FC892EA00371008 /* Managers */,
				ACE67D5C1FC8903200371008 /* Controllers */,
				ACE67D5A1FC88FC900371008 /* Components */,
				ACE67D581FC88EA800371008 /* Assets */,
				ACF5097C1F683D5200A9548C /* AppDelegate.swift */,
			);
			path = Rebuc;
			sourceTree = "<group>";
		};
		ACF509901F683D5200A9548C /* RebucTests */ = {
			isa = PBXGroup;
			children = (
				ACF509911F683D5200A9548C /* RebucTests.swift */,
				ACF509931F683D5200A9548C /* Info.plist */,
			);
			path = RebucTests;
			sourceTree = "<group>";
		};
		ACF5099B1F683D5200A9548C /* RebucUITests */ = {
			isa = PBXGroup;
			children = (
				ACF5099C1F683D5200A9548C /* RebucUITests.swift */,
				ACF5099E1F683D5200A9548C /* Info.plist */,
			);
			path = RebucUITests;
			sourceTree = "<group>";
		};
/* End PBXGroup section */

/* Begin PBXNativeTarget section */
		ACF509781F683D5200A9548C /* Rebuc */ = {
			isa = PBXNativeTarget;
			buildConfigurationList = ACF509A11F683D5200A9548C /* Build configuration list for PBXNativeTarget "Rebuc" */;
			buildPhases = (
				AEB4B329CD44CAB855C3F76D /* [CP] Check Pods Manifest.lock */,
				ACF509751F683D5200A9548C /* Sources */,
				ACF509761F683D5200A9548C /* Frameworks */,
				ACF509771F683D5200A9548C /* Resources */,
				A26DB2CDC128392618F78326 /* [CP] Embed Pods Frameworks */,
				A686BA9C05C8654B67076C1B /* [CP] Copy Pods Resources */,
			);
			buildRules = (
			);
			dependencies = (
			);
			name = Rebuc;
			productName = Rebuc;
			productReference = ACF509791F683D5200A9548C /* Rebuc.app */;
			productType = "com.apple.product-type.application";
		};
		ACF5098C1F683D5200A9548C /* RebucTests */ = {
			isa = PBXNativeTarget;
			buildConfigurationList = ACF509A41F683D5200A9548C /* Build configuration list for PBXNativeTarget "RebucTests" */;
			buildPhases = (
				0FA5BC445909ABD6197B6BBA /* [CP] Check Pods Manifest.lock */,
				ACF509891F683D5200A9548C /* Sources */,
				ACF5098A1F683D5200A9548C /* Frameworks */,
				ACF5098B1F683D5200A9548C /* Resources */,
				BAB4CAC694E31E6C99E18360 /* [CP] Embed Pods Frameworks */,
				A888B5789EE7527C15FF08DE /* [CP] Copy Pods Resources */,
			);
			buildRules = (
			);
			dependencies = (
				ACF5098F1F683D5200A9548C /* PBXTargetDependency */,
			);
			name = RebucTests;
			productName = RebucTests;
			productReference = ACF5098D1F683D5200A9548C /* RebucTests.xctest */;
			productType = "com.apple.product-type.bundle.unit-test";
		};
		ACF509971F683D5200A9548C /* RebucUITests */ = {
			isa = PBXNativeTarget;
			buildConfigurationList = ACF509A71F683D5200A9548C /* Build configuration list for PBXNativeTarget "RebucUITests" */;
			buildPhases = (
				A603BD959F61C88CD8CCDFDB /* [CP] Check Pods Manifest.lock */,
				ACF509941F683D5200A9548C /* Sources */,
				ACF509951F683D5200A9548C /* Frameworks */,
				ACF509961F683D5200A9548C /* Resources */,
				3038F623DF65D23273CAAFBB /* [CP] Embed Pods Frameworks */,
				54BEA4FFE8A587B8E8851DA1 /* [CP] Copy Pods Resources */,
			);
			buildRules = (
			);
			dependencies = (
				ACF5099A1F683D5200A9548C /* PBXTargetDependency */,
			);
			name = RebucUITests;
			productName = RebucUITests;
			productReference = ACF509981F683D5200A9548C /* RebucUITests.xctest */;
			productType = "com.apple.product-type.bundle.ui-testing";
		};
/* End PBXNativeTarget section */

/* Begin PBXProject section */
		ACF509711F683D5200A9548C /* Project object */ = {
			isa = PBXProject;
			attributes = {
				LastSwiftUpdateCheck = 0830;
				LastUpgradeCheck = 0910;
				ORGANIZATIONNAME = "Paco Chacon de Dios";
				TargetAttributes = {
					ACF509781F683D5200A9548C = {
						CreatedOnToolsVersion = 8.3.3;
						DevelopmentTeam = DK89EV2E37;
						LastSwiftMigration = 0910;
						ProvisioningStyle = Automatic;
					};
					ACF5098C1F683D5200A9548C = {
						CreatedOnToolsVersion = 8.3.3;
						DevelopmentTeam = DK89EV2E37;
						LastSwiftMigration = 0910;
						ProvisioningStyle = Automatic;
						TestTargetID = ACF509781F683D5200A9548C;
					};
					ACF509971F683D5200A9548C = {
						CreatedOnToolsVersion = 8.3.3;
						DevelopmentTeam = DK89EV2E37;
						LastSwiftMigration = 0910;
						ProvisioningStyle = Automatic;
						TestTargetID = ACF509781F683D5200A9548C;
					};
				};
			};
			buildConfigurationList = ACF509741F683D5200A9548C /* Build configuration list for PBXProject "Rebuc" */;
			compatibilityVersion = "Xcode 3.2";
			developmentRegion = English;
			hasScannedForEncodings = 0;
			knownRegions = (
				en,
				Base,
			);
			mainGroup = ACF509701F683D5200A9548C;
			productRefGroup = ACF5097A1F683D5200A9548C /* Products */;
			projectDirPath = "";
			projectRoot = "";
			targets = (
				ACF509781F683D5200A9548C /* Rebuc */,
				ACF5098C1F683D5200A9548C /* RebucTests */,
				ACF509971F683D5200A9548C /* RebucUITests */,
			);
		};
/* End PBXProject section */

/* Begin PBXResourcesBuildPhase section */
		ACF509771F683D5200A9548C /* Resources */ = {
			isa = PBXResourcesBuildPhase;
			buildActionMask = 2147483647;
			files = (
				AC0CA57D1FCC909900F8E333 /* Tickets.storyboard in Resources */,
				AC915D921FC87B9E00699802 /* Authentication.storyboard in Resources */,
				ACF509871F683D5200A9548C /* LaunchScreen.storyboard in Resources */,
				ACF509841F683D5200A9548C /* Assets.xcassets in Resources */,
			);
			runOnlyForDeploymentPostprocessing = 0;
		};
		ACF5098B1F683D5200A9548C /* Resources */ = {
			isa = PBXResourcesBuildPhase;
			buildActionMask = 2147483647;
			files = (
			);
			runOnlyForDeploymentPostprocessing = 0;
		};
		ACF509961F683D5200A9548C /* Resources */ = {
			isa = PBXResourcesBuildPhase;
			buildActionMask = 2147483647;
			files = (
			);
			runOnlyForDeploymentPostprocessing = 0;
		};
/* End PBXResourcesBuildPhase section */

/* Begin PBXShellScriptBuildPhase section */
		0FA5BC445909ABD6197B6BBA /* [CP] Check Pods Manifest.lock */ = {
			isa = PBXShellScriptBuildPhase;
			buildActionMask = 2147483647;
			files = (
			);
			inputPaths = (
				"${PODS_PODFILE_DIR_PATH}/Podfile.lock",
				"${PODS_ROOT}/Manifest.lock",
			);
			name = "[CP] Check Pods Manifest.lock";
			outputPaths = (
				"$(DERIVED_FILE_DIR)/Pods-RebucTests-checkManifestLockResult.txt",
			);
			runOnlyForDeploymentPostprocessing = 0;
			shellPath = /bin/sh;
			shellScript = "diff \"${PODS_PODFILE_DIR_PATH}/Podfile.lock\" \"${PODS_ROOT}/Manifest.lock\" > /dev/null\nif [ $? != 0 ] ; then\n    # print error to STDERR\n    echo \"error: The sandbox is not in sync with the Podfile.lock. Run 'pod install' or update your CocoaPods installation.\" >&2\n    exit 1\nfi\n# This output is used by Xcode 'outputs' to avoid re-running this script phase.\necho \"SUCCESS\" > \"${SCRIPT_OUTPUT_FILE_0}\"\n";
			showEnvVarsInLog = 0;
		};
		3038F623DF65D23273CAAFBB /* [CP] Embed Pods Frameworks */ = {
			isa = PBXShellScriptBuildPhase;
			buildActionMask = 2147483647;
			files = (
			);
			inputPaths = (
			);
			name = "[CP] Embed Pods Frameworks";
			outputPaths = (
			);
			runOnlyForDeploymentPostprocessing = 0;
			shellPath = /bin/sh;
			shellScript = "\"${SRCROOT}/Pods/Target Support Files/Pods-RebucUITests/Pods-RebucUITests-frameworks.sh\"\n";
			showEnvVarsInLog = 0;
		};
		54BEA4FFE8A587B8E8851DA1 /* [CP] Copy Pods Resources */ = {
			isa = PBXShellScriptBuildPhase;
			buildActionMask = 2147483647;
			files = (
			);
			inputPaths = (
			);
			name = "[CP] Copy Pods Resources";
			outputPaths = (
			);
			runOnlyForDeploymentPostprocessing = 0;
			shellPath = /bin/sh;
			shellScript = "\"${SRCROOT}/Pods/Target Support Files/Pods-RebucUITests/Pods-RebucUITests-resources.sh\"\n";
			showEnvVarsInLog = 0;
		};
		A26DB2CDC128392618F78326 /* [CP] Embed Pods Frameworks */ = {
			isa = PBXShellScriptBuildPhase;
			buildActionMask = 2147483647;
			files = (
			);
			inputPaths = (
				"${SRCROOT}/Pods/Target Support Files/Pods-Rebuc/Pods-Rebuc-frameworks.sh",
				"${BUILT_PRODUCTS_DIR}/Alamofire/Alamofire.framework",
				"${BUILT_PRODUCTS_DIR}/AlamofireObjectMapper/AlamofireObjectMapper.framework",
				"${BUILT_PRODUCTS_DIR}/IQKeyboardManagerSwift/IQKeyboardManagerSwift.framework",
				"${BUILT_PRODUCTS_DIR}/ObjectMapper/ObjectMapper.framework",
			);
			name = "[CP] Embed Pods Frameworks";
			outputPaths = (
				"${TARGET_BUILD_DIR}/${FRAMEWORKS_FOLDER_PATH}/Alamofire.framework",
				"${TARGET_BUILD_DIR}/${FRAMEWORKS_FOLDER_PATH}/AlamofireObjectMapper.framework",
				"${TARGET_BUILD_DIR}/${FRAMEWORKS_FOLDER_PATH}/IQKeyboardManagerSwift.framework",
				"${TARGET_BUILD_DIR}/${FRAMEWORKS_FOLDER_PATH}/ObjectMapper.framework",
			);
			runOnlyForDeploymentPostprocessing = 0;
			shellPath = /bin/sh;
			shellScript = "\"${SRCROOT}/Pods/Target Support Files/Pods-Rebuc/Pods-Rebuc-frameworks.sh\"\n";
			showEnvVarsInLog = 0;
		};
		A603BD959F61C88CD8CCDFDB /* [CP] Check Pods Manifest.lock */ = {
			isa = PBXShellScriptBuildPhase;
			buildActionMask = 2147483647;
			files = (
			);
			inputPaths = (
				"${PODS_PODFILE_DIR_PATH}/Podfile.lock",
				"${PODS_ROOT}/Manifest.lock",
			);
			name = "[CP] Check Pods Manifest.lock";
			outputPaths = (
				"$(DERIVED_FILE_DIR)/Pods-RebucUITests-checkManifestLockResult.txt",
			);
			runOnlyForDeploymentPostprocessing = 0;
			shellPath = /bin/sh;
			shellScript = "diff \"${PODS_PODFILE_DIR_PATH}/Podfile.lock\" \"${PODS_ROOT}/Manifest.lock\" > /dev/null\nif [ $? != 0 ] ; then\n    # print error to STDERR\n    echo \"error: The sandbox is not in sync with the Podfile.lock. Run 'pod install' or update your CocoaPods installation.\" >&2\n    exit 1\nfi\n# This output is used by Xcode 'outputs' to avoid re-running this script phase.\necho \"SUCCESS\" > \"${SCRIPT_OUTPUT_FILE_0}\"\n";
			showEnvVarsInLog = 0;
		};
		A686BA9C05C8654B67076C1B /* [CP] Copy Pods Resources */ = {
			isa = PBXShellScriptBuildPhase;
			buildActionMask = 2147483647;
			files = (
			);
			inputPaths = (
			);
			name = "[CP] Copy Pods Resources";
			outputPaths = (
			);
			runOnlyForDeploymentPostprocessing = 0;
			shellPath = /bin/sh;
			shellScript = "\"${SRCROOT}/Pods/Target Support Files/Pods-Rebuc/Pods-Rebuc-resources.sh\"\n";
			showEnvVarsInLog = 0;
		};
		A888B5789EE7527C15FF08DE /* [CP] Copy Pods Resources */ = {
			isa = PBXShellScriptBuildPhase;
			buildActionMask = 2147483647;
			files = (
			);
			inputPaths = (
			);
			name = "[CP] Copy Pods Resources";
			outputPaths = (
			);
			runOnlyForDeploymentPostprocessing = 0;
			shellPath = /bin/sh;
			shellScript = "\"${SRCROOT}/Pods/Target Support Files/Pods-RebucTests/Pods-RebucTests-resources.sh\"\n";
			showEnvVarsInLog = 0;
		};
		AEB4B329CD44CAB855C3F76D /* [CP] Check Pods Manifest.lock */ = {
			isa = PBXShellScriptBuildPhase;
			buildActionMask = 2147483647;
			files = (
			);
			inputPaths = (
				"${PODS_PODFILE_DIR_PATH}/Podfile.lock",
				"${PODS_ROOT}/Manifest.lock",
			);
			name = "[CP] Check Pods Manifest.lock";
			outputPaths = (
				"$(DERIVED_FILE_DIR)/Pods-Rebuc-checkManifestLockResult.txt",
			);
			runOnlyForDeploymentPostprocessing = 0;
			shellPath = /bin/sh;
			shellScript = "diff \"${PODS_PODFILE_DIR_PATH}/Podfile.lock\" \"${PODS_ROOT}/Manifest.lock\" > /dev/null\nif [ $? != 0 ] ; then\n    # print error to STDERR\n    echo \"error: The sandbox is not in sync with the Podfile.lock. Run 'pod install' or update your CocoaPods installation.\" >&2\n    exit 1\nfi\n# This output is used by Xcode 'outputs' to avoid re-running this script phase.\necho \"SUCCESS\" > \"${SCRIPT_OUTPUT_FILE_0}\"\n";
			showEnvVarsInLog = 0;
		};
		BAB4CAC694E31E6C99E18360 /* [CP] Embed Pods Frameworks */ = {
			isa = PBXShellScriptBuildPhase;
			buildActionMask = 2147483647;
			files = (
			);
			inputPaths = (
			);
			name = "[CP] Embed Pods Frameworks";
			outputPaths = (
			);
			runOnlyForDeploymentPostprocessing = 0;
			shellPath = /bin/sh;
			shellScript = "\"${SRCROOT}/Pods/Target Support Files/Pods-RebucTests/Pods-RebucTests-frameworks.sh\"\n";
			showEnvVarsInLog = 0;
		};
/* End PBXShellScriptBuildPhase section */

/* Begin PBXSourcesBuildPhase section */
		ACF509751F683D5200A9548C /* Sources */ = {
			isa = PBXSourcesBuildPhase;
			buildActionMask = 2147483647;
			files = (
				ACC36BBB1FCE07E70016C1D6 /* TicketDetailsViewController.swift in Sources */,
				AC0CA58A1FCCF36400F8E333 /* NewTicketViewController.swift in Sources */,
				AC6CE1CF1FCBD20B008CC8AD /* APIManager.swift in Sources */,
				AC0CA5831FCCCFFA00F8E333 /* TicketState.swift in Sources */,
				ACE67D661FC89F1900371008 /* Extensions.swift in Sources */,
				AC6CE1D41FCBD7BD008CC8AD /* UserRole.swift in Sources */,
				AC0CA57B1FCC8D8600F8E333 /* UserManager.swift in Sources */,
				AC6CE1D71FCBD817008CC8AD /* Protocols.swift in Sources */,
				AC0CA57F1FCC91EF00F8E333 /* BaseViewController.swift in Sources */,
				ACE67D601FC891E700371008 /* SignUpViewController.swift in Sources */,
				AC6CE1DD1FCBDEC5008CC8AD /* APIError.swift in Sources */,
				AC0CA5811FCCA37F00F8E333 /* TicketsListViewController.swift in Sources */,
				AC6CE1DB1FCBDB2E008CC8AD /* Dependence.swift in Sources */,
				AC6CE1D91FCBDA1F008CC8AD /* CampusLocation.swift in Sources */,
				AC0CA5851FCCD0ED00F8E333 /* MovementTag.swift in Sources */,
				AC0CA5871FCCD3FA00F8E333 /* Ticket.swift in Sources */,
				ACE67D631FC8930500371008 /* URLManager.swift in Sources */,
				ACE67D5E1FC8907100371008 /* LoginViewController.swift in Sources */,
				ACF5097D1F683D5200A9548C /* AppDelegate.swift in Sources */,
				AC0CA58C1FCCFCD500F8E333 /* Responsable.swift in Sources */,
				AC6CE1D21FCBD5FD008CC8AD /* User.swift in Sources */,
			);
			runOnlyForDeploymentPostprocessing = 0;
		};
		ACF509891F683D5200A9548C /* Sources */ = {
			isa = PBXSourcesBuildPhase;
			buildActionMask = 2147483647;
			files = (
				ACF509921F683D5200A9548C /* RebucTests.swift in Sources */,
			);
			runOnlyForDeploymentPostprocessing = 0;
		};
		ACF509941F683D5200A9548C /* Sources */ = {
			isa = PBXSourcesBuildPhase;
			buildActionMask = 2147483647;
			files = (
				ACF5099D1F683D5200A9548C /* RebucUITests.swift in Sources */,
			);
			runOnlyForDeploymentPostprocessing = 0;
		};
/* End PBXSourcesBuildPhase section */

/* Begin PBXTargetDependency section */
		ACF5098F1F683D5200A9548C /* PBXTargetDependency */ = {
			isa = PBXTargetDependency;
			target = ACF509781F683D5200A9548C /* Rebuc */;
			targetProxy = ACF5098E1F683D5200A9548C /* PBXContainerItemProxy */;
		};
		ACF5099A1F683D5200A9548C /* PBXTargetDependency */ = {
			isa = PBXTargetDependency;
			target = ACF509781F683D5200A9548C /* Rebuc */;
			targetProxy = ACF509991F683D5200A9548C /* PBXContainerItemProxy */;
		};
/* End PBXTargetDependency section */

/* Begin PBXVariantGroup section */
		ACF509851F683D5200A9548C /* LaunchScreen.storyboard */ = {
			isa = PBXVariantGroup;
			children = (
				ACF509861F683D5200A9548C /* Base */,
			);
			name = LaunchScreen.storyboard;
			sourceTree = "<group>";
		};
/* End PBXVariantGroup section */

/* Begin XCBuildConfiguration section */
		ACF5099F1F683D5200A9548C /* Debug */ = {
			isa = XCBuildConfiguration;
			buildSettings = {
				ALWAYS_SEARCH_USER_PATHS = NO;
				CLANG_ANALYZER_NONNULL = YES;
				CLANG_ANALYZER_NUMBER_OBJECT_CONVERSION = YES_AGGRESSIVE;
				CLANG_CXX_LANGUAGE_STANDARD = "gnu++0x";
				CLANG_CXX_LIBRARY = "libc++";
				CLANG_ENABLE_MODULES = YES;
				CLANG_ENABLE_OBJC_ARC = YES;
				CLANG_WARN_BLOCK_CAPTURE_AUTORELEASING = YES;
				CLANG_WARN_BOOL_CONVERSION = YES;
				CLANG_WARN_COMMA = YES;
				CLANG_WARN_CONSTANT_CONVERSION = YES;
				CLANG_WARN_DIRECT_OBJC_ISA_USAGE = YES_ERROR;
				CLANG_WARN_DOCUMENTATION_COMMENTS = YES;
				CLANG_WARN_EMPTY_BODY = YES;
				CLANG_WARN_ENUM_CONVERSION = YES;
				CLANG_WARN_INFINITE_RECURSION = YES;
				CLANG_WARN_INT_CONVERSION = YES;
				CLANG_WARN_NON_LITERAL_NULL_CONVERSION = YES;
				CLANG_WARN_OBJC_LITERAL_CONVERSION = YES;
				CLANG_WARN_OBJC_ROOT_CLASS = YES_ERROR;
				CLANG_WARN_RANGE_LOOP_ANALYSIS = YES;
				CLANG_WARN_STRICT_PROTOTYPES = YES;
				CLANG_WARN_SUSPICIOUS_MOVE = YES;
				CLANG_WARN_UNREACHABLE_CODE = YES;
				CLANG_WARN__DUPLICATE_METHOD_MATCH = YES;
				"CODE_SIGN_IDENTITY[sdk=iphoneos*]" = "iPhone Developer";
				COPY_PHASE_STRIP = NO;
				DEBUG_INFORMATION_FORMAT = dwarf;
				ENABLE_STRICT_OBJC_MSGSEND = YES;
				ENABLE_TESTABILITY = YES;
				GCC_C_LANGUAGE_STANDARD = gnu99;
				GCC_DYNAMIC_NO_PIC = NO;
				GCC_NO_COMMON_BLOCKS = YES;
				GCC_OPTIMIZATION_LEVEL = 0;
				GCC_PREPROCESSOR_DEFINITIONS = (
					"DEBUG=1",
					"$(inherited)",
				);
				GCC_WARN_64_TO_32_BIT_CONVERSION = YES;
				GCC_WARN_ABOUT_RETURN_TYPE = YES_ERROR;
				GCC_WARN_UNDECLARED_SELECTOR = YES;
				GCC_WARN_UNINITIALIZED_AUTOS = YES_AGGRESSIVE;
				GCC_WARN_UNUSED_FUNCTION = YES;
				GCC_WARN_UNUSED_VARIABLE = YES;
				IPHONEOS_DEPLOYMENT_TARGET = 10.3;
				MTL_ENABLE_DEBUG_INFO = YES;
				ONLY_ACTIVE_ARCH = YES;
				SDKROOT = iphoneos;
				SWIFT_ACTIVE_COMPILATION_CONDITIONS = DEBUG;
				SWIFT_OPTIMIZATION_LEVEL = "-Onone";
				TARGETED_DEVICE_FAMILY = "1,2";
			};
			name = Debug;
		};
		ACF509A01F683D5200A9548C /* Release */ = {
			isa = XCBuildConfiguration;
			buildSettings = {
				ALWAYS_SEARCH_USER_PATHS = NO;
				CLANG_ANALYZER_NONNULL = YES;
				CLANG_ANALYZER_NUMBER_OBJECT_CONVERSION = YES_AGGRESSIVE;
				CLANG_CXX_LANGUAGE_STANDARD = "gnu++0x";
				CLANG_CXX_LIBRARY = "libc++";
				CLANG_ENABLE_MODULES = YES;
				CLANG_ENABLE_OBJC_ARC = YES;
				CLANG_WARN_BLOCK_CAPTURE_AUTORELEASING = YES;
				CLANG_WARN_BOOL_CONVERSION = YES;
				CLANG_WARN_COMMA = YES;
				CLANG_WARN_CONSTANT_CONVERSION = YES;
				CLANG_WARN_DIRECT_OBJC_ISA_USAGE = YES_ERROR;
				CLANG_WARN_DOCUMENTATION_COMMENTS = YES;
				CLANG_WARN_EMPTY_BODY = YES;
				CLANG_WARN_ENUM_CONVERSION = YES;
				CLANG_WARN_INFINITE_RECURSION = YES;
				CLANG_WARN_INT_CONVERSION = YES;
				CLANG_WARN_NON_LITERAL_NULL_CONVERSION = YES;
				CLANG_WARN_OBJC_LITERAL_CONVERSION = YES;
				CLANG_WARN_OBJC_ROOT_CLASS = YES_ERROR;
				CLANG_WARN_RANGE_LOOP_ANALYSIS = YES;
				CLANG_WARN_STRICT_PROTOTYPES = YES;
				CLANG_WARN_SUSPICIOUS_MOVE = YES;
				CLANG_WARN_UNREACHABLE_CODE = YES;
				CLANG_WARN__DUPLICATE_METHOD_MATCH = YES;
				"CODE_SIGN_IDENTITY[sdk=iphoneos*]" = "iPhone Developer";
				COPY_PHASE_STRIP = NO;
				DEBUG_INFORMATION_FORMAT = "dwarf-with-dsym";
				ENABLE_NS_ASSERTIONS = NO;
				ENABLE_STRICT_OBJC_MSGSEND = YES;
				GCC_C_LANGUAGE_STANDARD = gnu99;
				GCC_NO_COMMON_BLOCKS = YES;
				GCC_WARN_64_TO_32_BIT_CONVERSION = YES;
				GCC_WARN_ABOUT_RETURN_TYPE = YES_ERROR;
				GCC_WARN_UNDECLARED_SELECTOR = YES;
				GCC_WARN_UNINITIALIZED_AUTOS = YES_AGGRESSIVE;
				GCC_WARN_UNUSED_FUNCTION = YES;
				GCC_WARN_UNUSED_VARIABLE = YES;
				IPHONEOS_DEPLOYMENT_TARGET = 10.3;
				MTL_ENABLE_DEBUG_INFO = NO;
				SDKROOT = iphoneos;
				SWIFT_OPTIMIZATION_LEVEL = "-Owholemodule";
				TARGETED_DEVICE_FAMILY = "1,2";
				VALIDATE_PRODUCT = YES;
			};
			name = Release;
		};
		ACF509A21F683D5200A9548C /* Debug */ = {
			isa = XCBuildConfiguration;
			baseConfigurationReference = 048DD5878626EA86FADF79EA /* Pods-Rebuc.debug.xcconfig */;
			buildSettings = {
				ASSETCATALOG_COMPILER_APPICON_NAME = AppIcon;
				DEVELOPMENT_TEAM = DK89EV2E37;
				INFOPLIST_FILE = Rebuc/Info.plist;
				LD_RUNPATH_SEARCH_PATHS = "$(inherited) @executable_path/Frameworks";
				PRODUCT_BUNDLE_IDENTIFIER = pacocd.Rebuc;
				PRODUCT_NAME = "$(TARGET_NAME)";
				SWIFT_SWIFT3_OBJC_INFERENCE = Default;
				SWIFT_VERSION = 4.0;
			};
			name = Debug;
		};
		ACF509A31F683D5200A9548C /* Release */ = {
			isa = XCBuildConfiguration;
			baseConfigurationReference = 82F32067AEE093CABD514DCE /* Pods-Rebuc.release.xcconfig */;
			buildSettings = {
				ASSETCATALOG_COMPILER_APPICON_NAME = AppIcon;
				DEVELOPMENT_TEAM = DK89EV2E37;
				INFOPLIST_FILE = Rebuc/Info.plist;
				LD_RUNPATH_SEARCH_PATHS = "$(inherited) @executable_path/Frameworks";
				PRODUCT_BUNDLE_IDENTIFIER = pacocd.Rebuc;
				PRODUCT_NAME = "$(TARGET_NAME)";
				SWIFT_SWIFT3_OBJC_INFERENCE = Default;
				SWIFT_VERSION = 4.0;
			};
			name = Release;
		};
		ACF509A51F683D5200A9548C /* Debug */ = {
			isa = XCBuildConfiguration;
			baseConfigurationReference = 63EE27CD9E51592BF4726DB0 /* Pods-RebucTests.debug.xcconfig */;
			buildSettings = {
				ALWAYS_EMBED_SWIFT_STANDARD_LIBRARIES = YES;
				BUNDLE_LOADER = "$(TEST_HOST)";
				DEVELOPMENT_TEAM = DK89EV2E37;
				INFOPLIST_FILE = RebucTests/Info.plist;
				LD_RUNPATH_SEARCH_PATHS = "$(inherited) @executable_path/Frameworks @loader_path/Frameworks";
				PRODUCT_BUNDLE_IDENTIFIER = pacocd.RebucTests;
				PRODUCT_NAME = "$(TARGET_NAME)";
				SWIFT_SWIFT3_OBJC_INFERENCE = Default;
				SWIFT_VERSION = 4.0;
				TEST_HOST = "$(BUILT_PRODUCTS_DIR)/Rebuc.app/Rebuc";
			};
			name = Debug;
		};
		ACF509A61F683D5200A9548C /* Release */ = {
			isa = XCBuildConfiguration;
			baseConfigurationReference = A4080AF5E7400E6B58016AEE /* Pods-RebucTests.release.xcconfig */;
			buildSettings = {
				ALWAYS_EMBED_SWIFT_STANDARD_LIBRARIES = YES;
				BUNDLE_LOADER = "$(TEST_HOST)";
				DEVELOPMENT_TEAM = DK89EV2E37;
				INFOPLIST_FILE = RebucTests/Info.plist;
				LD_RUNPATH_SEARCH_PATHS = "$(inherited) @executable_path/Frameworks @loader_path/Frameworks";
				PRODUCT_BUNDLE_IDENTIFIER = pacocd.RebucTests;
				PRODUCT_NAME = "$(TARGET_NAME)";
				SWIFT_SWIFT3_OBJC_INFERENCE = Default;
				SWIFT_VERSION = 4.0;
				TEST_HOST = "$(BUILT_PRODUCTS_DIR)/Rebuc.app/Rebuc";
			};
			name = Release;
		};
		ACF509A81F683D5200A9548C /* Debug */ = {
			isa = XCBuildConfiguration;
			baseConfigurationReference = 34FBBB6EC8E6F33751277114 /* Pods-RebucUITests.debug.xcconfig */;
			buildSettings = {
				ALWAYS_EMBED_SWIFT_STANDARD_LIBRARIES = YES;
				DEVELOPMENT_TEAM = DK89EV2E37;
				INFOPLIST_FILE = RebucUITests/Info.plist;
				LD_RUNPATH_SEARCH_PATHS = "$(inherited) @executable_path/Frameworks @loader_path/Frameworks";
				PRODUCT_BUNDLE_IDENTIFIER = pacocd.RebucUITests;
				PRODUCT_NAME = "$(TARGET_NAME)";
				SWIFT_SWIFT3_OBJC_INFERENCE = On;
				SWIFT_VERSION = 4.0;
				TEST_TARGET_NAME = Rebuc;
			};
			name = Debug;
		};
		ACF509A91F683D5200A9548C /* Release */ = {
			isa = XCBuildConfiguration;
			baseConfigurationReference = 33FD36DC027A7B4CD42A220F /* Pods-RebucUITests.release.xcconfig */;
			buildSettings = {
				ALWAYS_EMBED_SWIFT_STANDARD_LIBRARIES = YES;
				DEVELOPMENT_TEAM = DK89EV2E37;
				INFOPLIST_FILE = RebucUITests/Info.plist;
				LD_RUNPATH_SEARCH_PATHS = "$(inherited) @executable_path/Frameworks @loader_path/Frameworks";
				PRODUCT_BUNDLE_IDENTIFIER = pacocd.RebucUITests;
				PRODUCT_NAME = "$(TARGET_NAME)";
				SWIFT_SWIFT3_OBJC_INFERENCE = On;
				SWIFT_VERSION = 4.0;
				TEST_TARGET_NAME = Rebuc;
			};
			name = Release;
		};
/* End XCBuildConfiguration section */

/* Begin XCConfigurationList section */
		ACF509741F683D5200A9548C /* Build configuration list for PBXProject "Rebuc" */ = {
			isa = XCConfigurationList;
			buildConfigurations = (
				ACF5099F1F683D5200A9548C /* Debug */,
				ACF509A01F683D5200A9548C /* Release */,
			);
			defaultConfigurationIsVisible = 0;
			defaultConfigurationName = Release;
		};
		ACF509A11F683D5200A9548C /* Build configuration list for PBXNativeTarget "Rebuc" */ = {
			isa = XCConfigurationList;
			buildConfigurations = (
				ACF509A21F683D5200A9548C /* Debug */,
				ACF509A31F683D5200A9548C /* Release */,
			);
			defaultConfigurationIsVisible = 0;
			defaultConfigurationName = Release;
		};
		ACF509A41F683D5200A9548C /* Build configuration list for PBXNativeTarget "RebucTests" */ = {
			isa = XCConfigurationList;
			buildConfigurations = (
				ACF509A51F683D5200A9548C /* Debug */,
				ACF509A61F683D5200A9548C /* Release */,
			);
			defaultConfigurationIsVisible = 0;
			defaultConfigurationName = Release;
		};
		ACF509A71F683D5200A9548C /* Build configuration list for PBXNativeTarget "RebucUITests" */ = {
			isa = XCConfigurationList;
			buildConfigurations = (
				ACF509A81F683D5200A9548C /* Debug */,
				ACF509A91F683D5200A9548C /* Release */,
			);
			defaultConfigurationIsVisible = 0;
			defaultConfigurationName = Release;
		};
/* End XCConfigurationList section */
	};
	rootObject = ACF509711F683D5200A9548C /* Project object */;
}
